{
    "_meta": {
        "hash": {
            "sha256": "24c5343324d0e1e561764b628349884d17c64de16414841f578199c5d21ac750"
        },
        "host-environment-markers": {
            "implementation_name": "cpython",
            "implementation_version": "3.6.4",
            "os_name": "posix",
            "platform_machine": "x86_64",
            "platform_python_implementation": "CPython",
            "platform_release": "4.14.0-3-amd64",
            "platform_system": "Linux",
            "platform_version": "#1 SMP Debian 4.14.13-1 (2018-01-14)",
            "python_full_version": "3.6.4",
            "python_version": "3.6",
            "sys_platform": "linux"
        },
        "pipfile-spec": 6,
        "requires": {
            "python_version": "3.6"
        },
        "sources": [
            {
                "name": "pypi",
                "url": "https://pypi.python.org/simple",
                "verify_ssl": true
            }
        ]
    },
    "default": {
        "absl-py": {
            "hashes": [
                "sha256:ba6dc5510108fdfcf7176f8b38a5cc2482f2e902eb7211cbe6666998ea58daf9"
            ],
            "version": "==0.1.11"
        },
        "astor": {
            "hashes": [
                "sha256:64c805f1ad6fbc505633416b6174fc23796eb164f371a7dc1f3951ea30560fb5",
                "sha256:ff6d2e2962d834acb125cc4dcc80c54a8c17c253f4cc9d9c43b5102a560bb75d"
            ],
            "version": "==0.6.2"
        },
        "beautifulsoup4": {
            "hashes": [
                "sha256:7015e76bf32f1f574636c4288399a6de66ce08fb7b2457f628a8d70c0fbabb11",
                "sha256:11a9a27b7d3bddc6d86f59fb76afb70e921a25ac2d6cc55b40d072bd68435a76",
                "sha256:808b6ac932dccb0a4126558f7dfdcf41710dd44a4ef497a0bb59a77f9f078e89"
            ],
            "version": "==4.6.0"
        },
        "bleach": {
            "hashes": [
                "sha256:e67f46adcec78dbc3c04462f3aba3213a673d5652eba2609ed1ef15492a44b8d",
                "sha256:978e758599b54cd3caa2e160d74102879b230ea8dc93871d0783721eef58bc65"
            ],
            "version": "==1.5.0"
        },
        "boto": {
            "hashes": [
                "sha256:13be844158d1bd80a94c972c806ec8381b9ea72035aa06123c5db6bc6a6f3ead",
                "sha256:deb8925b734b109679e3de65856018996338758f4b916ff4fe7bb62b6d7000d1"
            ],
            "version": "==2.48.0"
        },
        "boto3": {
            "hashes": [
                "sha256:15688d60dcc764f6fbd32975696deb48e64dff185db58bba45df02f2230860a8",
                "sha256:3a74aa62eb9c0a6e1c9eace4ab93b2c3de43ab9f116dbc2e60a8cee584532584"
            ],
            "version": "==1.6.7"
        },
        "botocore": {
            "hashes": [
                "sha256:bded64bf74314a2ebe9535d2ac151ecf6d1188afc5d1869911080d12c23233dc",
                "sha256:0794994bf5a50d1b7df0b43c319d4a2ecd3fe26b55c0313e7427c0910fc977c1"
            ],
            "version": "==1.9.7"
        },
        "bz2file": {
            "hashes": [
                "sha256:64c1f811e31556ba9931953c8ec7b397488726c63e09a4c67004f43bdd28da88"
            ],
            "version": "==0.98"
        },
        "certifi": {
            "hashes": [
                "sha256:14131608ad2fd56836d33a71ee60fa1c82bc9d2c8d98b7bdbc631fe1b3cd1296",
                "sha256:edbc3f203427eef571f79a7692bb160a2b0f7ccaa31953e99bd17e307cf63f7d"
            ],
            "version": "==2018.1.18"
        },
        "chardet": {
            "hashes": [
                "sha256:fc323ffcaeaed0e0a02bf4d117757b98aed530d9ed4531e3e15460124c106691",
                "sha256:84ab92ed1c4d4f16916e05906b6b75a6c0fb5db821cc65e70cbd64a3e2a5eaae"
            ],
            "version": "==3.0.4"
        },
        "cssselect": {
            "hashes": [
                "sha256:3b5103e8789da9e936a68d993b70df732d06b8bb9a337a05ed4eb52c17ef7206",
                "sha256:066d8bc5229af09617e24b3ca4d52f1f9092d9e061931f4184cd572885c23204"
            ],
            "version": "==1.0.3"
        },
        "docutils": {
            "hashes": [
                "sha256:7a4bd47eaf6596e1295ecb11361139febe29b084a87bf005bf899f9a42edc3c6",
                "sha256:02aec4bd92ab067f6ff27a38a38a41173bf01bed8f89157768c1573f53e474a6",
                "sha256:51e64ef2ebfb29cae1faa133b3710143496eca21c530f3f71424d77687764274"
            ],
            "version": "==0.14"
        },
        "feedfinder2": {
            "hashes": [
                "sha256:3701ee01a6c85f8b865a049c30ba0b4608858c803fe8e30d1d289fdbe89d0efe"
            ],
            "version": "==0.0.4"
        },
        "feedparser": {
            "hashes": [
                "sha256:ce875495c90ebd74b179855449040003a1beb40cd13d5f037a0654251e260b02",
                "sha256:bd030652c2d08532c034c27fcd7c85868e7fa3cb2b17f230a44a6bbc92519bf9",
                "sha256:cd2485472e41471632ed3029d44033ee420ad0b57111db95c240c9160a85831c"
            ],
            "version": "==5.2.1"
        },
        "gast": {
            "hashes": [
                "sha256:7068908321ecd2774f145193c4b34a11305bd104b4551b09273dfd1d6a374930"
            ],
            "version": "==0.2.0"
        },
        "gensim": {
            "hashes": [
                "sha256:a1b0cd76770cb4b1378b42b5c5f2013f82bcdaddbce404fb5454881644ff6072",
                "sha256:645e77e37c5cd84b4e32b35de7a3c5b82e551f8f36e19087bfc4db6a97ce4838",
                "sha256:8c3c9ed2c61c0b4fbd1ee1af45c3d9f9828213d4e8010bd40435b80ea25e7c95",
                "sha256:47e436a06dbe6b56dd253df2e36654a24e39c6d65f78aff93efab478fac0b906",
                "sha256:87c5975a605b881eda15ebc0cd7f60011b257d2af1cb04053dc096e2d2fa42da",
                "sha256:cdc71e6d0d1f983366d2f81bdb363cc3d3018b9cedb0d7cae1fdf76b353aa1fd",
                "sha256:0f75a6e57ec93b9bc63b79d1cc8022993efa03b03ad50adad7a4fef78081e845",
                "sha256:f27e7043656d3b7fdc8a6bf006e8a03883d92ce62ccfbf97aa55ad40fa017cba",
                "sha256:e98b493addf7ff10f33322d57dbe642a9bbdac005c9f1f1adb9c613a1b189a0f",
                "sha256:f95ccb312977d2333c6dccd83644c4f89b471879ca7577e6e343f011d0d9ee16",
                "sha256:2418a7036a15a7e11e08f5018d9278e0a4db420b53a99fe1c4e64f683df97b4b",
                "sha256:a7747ab74d50d9f573e42fe645ab76d61037bb14f256a141503903fb5d762ff4",
                "sha256:7bafe3f2fd49738942ef04396cb1e50a38283fe02203e5d4c66588daa01fb87c",
                "sha256:ac562d4a02a8fe2f3c6021acd21ae027fb8d347c7dfc4872149f77ada60616c2",
                "sha256:f6ef9459dc67cfe25976ac0d1c80b24613594c9db985310b6c2cb995955e2173",
                "sha256:1f734990fcd472a048ed38696d9f5eeda4266ced0f4f2d7bbba0c18c601e441a",
                "sha256:cd8e1c062dea18032ec19be21e934f4b151e112ef90e269fbe3fea406c319724",
                "sha256:05844c82c7c176449218fd3fc31e55e5d8b3fae460f261b11231f4c8ef2ed5e0",
                "sha256:36dfb678674abdb3390cec8760307a9d038e3196d9dc4f85ad4431723c10654e",
                "sha256:5f54fbb5bf14830a0fd2d5d3e554e8627667c3254d28ebd90256bd909b2f9de3",
                "sha256:d5dbfc6a10fcec9ef249569110b60ab1f374dad7e88e9a167ad87822371f3d59",
                "sha256:6f08251fd7daa07ef7e8e2f15fba403b089236ac2e61fcf51f5e6cec1815829c",
                "sha256:269504cd3b0cb2b18d421fdb641433e06b974f3d03561dd582ca696c0b63a6f6",
                "sha256:2611b550813cd2d6abf36840a2831df791c155c4140ae1e41d7a1ef48d7fb691"
            ],
            "version": "==3.4.0"
        },
        "grpcio": {
            "hashes": [
                "sha256:a1bc37c9910d0fbf4d9e80d5822f92c6e01e28dd1eb01323636ed19666b537cb",
                "sha256:14bca481188c3f19135012aaff9abefa4e15529c7e1aca3084183d78094d06bd",
                "sha256:4fa658a7e1ba5727ca066b1c8bb64c6befb98f2b8007f04a16c7c84555bf11b9",
                "sha256:e579e4124d2a0931ce39639c60e0711918d6659b933eb97e67f60f84666ea488",
                "sha256:982439a872d41f969724efc139e0416ba45e0d7446e9a41fd2ebe19351adff9a",
                "sha256:025a591606b0aca13bec3e019d6acec01a39421f01b915b98a3a93ea0a53b412",
                "sha256:d410835e7554d064c2d99cfa0dd393ffbb0ccf52145ab51c725a8472ed254a3c",
                "sha256:88afda198adb0a9da52a66152062027a57877b46f59ffcf55acc3cbfaff77160",
                "sha256:87e52924a99ac5935a468b3fe49c4b0090bd9b05470b55ed1192308791e6d332",
                "sha256:ae82bf2f7ceac6ba956e816120b4f66bda035571350e46b61bbdde1808aed1dd",
                "sha256:10efe2e016c3ca7a370771ffcf1de9baa3456d4bccefde0f4ce3be091d871c8f",
                "sha256:224c513fbe0c3ca546870e5c21b08a8a56cd25795b76b3192ee9702a3344764b",
                "sha256:aa473b8276de39eeccc4ad6cbb7fd7feab0868180d72c0c93226033c79fa69b7",
                "sha256:022dc2a6d1537a5a16af4ccc3355ad7b512f9c627a1d5d579cd7c18830378bb3",
                "sha256:4765600467d7cdb8f62a591d4427ddbeefcf4dbbe46e2f1b10af555e815ecbcb",
                "sha256:d9e3105f6de6cb759b028702bdd21cb36d27e010227669e43c675b9957a3c180",
                "sha256:b56e4f355c2499bb0bf8f8f4d0362b618b06afdfd2c10722710596dc7e295c6c",
                "sha256:e86639989c03831912fd9924beda26f6e9ffcc267656cea035bde9d88cf793b2",
                "sha256:f4a38071dd27f140cfe774f56aecdf0e33de926c21289cc9c7521ce8dd91fc1c",
                "sha256:2894466c499d9752e0d49ee8adc5ee12c676d86211fc1b292bf713cc7cfe9853",
                "sha256:d2accc8e354f0ed5b337865260a78b3c6851d2fe3c0e1b025d437122cc15dd31",
                "sha256:1bc36e512741f82c1d73f42df536aa2ab75d840f0d35c149b5d0bee1aed16862",
                "sha256:ea9564f58144e2f07995d57fb8e636be5efb084cd59c8651391ada2bb75dc0ff",
                "sha256:435b3bab2e34814666854eec203c77b169df1cd56cf22fe449cf5510af416e7d",
                "sha256:da306c80d69801a3e4115c448ed4ad481957d723ec1e00b99497c6661573c3e5",
                "sha256:17240d672b5c1c9ff22e52236c1870413b7fb5af762b97ce5a747a55e0a57e98",
                "sha256:03265472d39bf26f124c3ef68446f7873c8260893e6ae65b323a5b51ed52e580"
            ],
            "version": "==1.10.0"
        },
        "html5lib": {
            "hashes": [
                "sha256:2612a191a8d5842bfa057e41ba50bbb9dcb722419d2408c78cff4758d0754868"
            ],
            "version": "==0.9999999"
        },
        "idna": {
            "hashes": [
                "sha256:8c7309c718f94b3a625cb648ace320157ad16ff131ae0af362c9f21b80ef6ec4",
                "sha256:2c6a5de3089009e3da7c5dde64a141dbc8551d5b7f6cf4ed7c2568d0cc520a8f"
            ],
            "version": "==2.6"
        },
        "jieba3k": {
            "hashes": [
                "sha256:980a4f2636b778d312518066be90c7697d410dd5a472385f5afced71a2db1c10"
            ],
            "version": "==0.35.1"
        },
        "jmespath": {
            "hashes": [
                "sha256:f11b4461f425740a1d908e9a3f7365c3d2e569f6ca68a2ff8bc5bcd9676edd63",
                "sha256:6a81d4c9aa62caf061cb517b4d9ad1dd300374cd4706997aff9cd6aedd61fc64"
            ],
            "version": "==0.9.3"
        },
        "lxml": {
            "hashes": [
                "sha256:41f59cbdab232f11680d5d4dec9f2e6782fd24d78e37ee833447702e34e675f4",
                "sha256:e7e41d383f19bab9d57f5f3b18d158655bcd682e7e723f441b9e183e1e35a6b5",
                "sha256:155521c337acecf8202091cff85bb9f709f238130ebadf04280fb1db11f5ad8b",
                "sha256:d2c985d2460b81c6ca5feb8b86f1bc594ad59405d0bdf68626b85852b701553c",
                "sha256:950e63387514aa1b881eba5ac6cb2ec51a118b3dafe99dd80ca19d8fb0142f30",
                "sha256:470d7ce41e8047208ba1a376560bad17f1468df1f3097bc83902b26cfafdbb0c",
                "sha256:e608839a5ee2180164424ccf279c8e2d9bbe8816d002c58fd97d6b621ba4aa94",
                "sha256:87a66bcadac270fc010cb029022a93fc722bf1204a8b03e782d4c790f0edf7ca",
                "sha256:2dedfeeecc2d5a939cf622602f5a1ce443ca82407f386880f739f1a9f08053ad",
                "sha256:ba05732e4bcf59e948f61588851dcf620fd60d5bbd9d704203e5f59bbaa60219",
                "sha256:2190266059fec3c5a55f9d6c30532c64c6d414d3228909c0af573fe4907e78d1",
                "sha256:dd291debfaa535d9cb6cee8d7aca2328775e037d02d13f1634e57f49bc302cc4",
                "sha256:29a36e354c39b2e24bc4ee103de53417ebb80f976a6ab9e8d093d559e2ac03e1",
                "sha256:e37427d5a27eefbcfc48847e0b37f348113fac7280bc857421db39ffc6372570",
                "sha256:b106d4d2383382399ad82108fd187e92f40b1c90f55c2d36bbcb1c44bcf940fc",
                "sha256:0ee07da52d240f1dc3c83eef5cd5f1b7f018226c1121f2a54d446645779a6d17",
                "sha256:3b33549fb8f91b38a7500078242b03cca513f3412a2cdae722e89bf83f95971d",
                "sha256:4c12e90886d9c53ab434c8d0cebea122321cce19614c3c6b6d1a7700d7cc6212",
                "sha256:79322000279cda10b53c374d53ca632ead3bc51c6aebf8e62c8fa93a4d08b750",
                "sha256:6cba398eb37e0631e60e0e080c101cfe91769b2c8267105b64b4625e2581ea21",
                "sha256:49a655956f8de69e1258bc0fcfc43eb3bd1e038655784d77d1869b4b81444e37",
                "sha256:af8a5373241d09b8fc53e0490e1719ce5dc90a21b19db89b6596c1adcdd52270",
                "sha256:e6b6698415c7e8d227a47a3b1038e1b37c2b438a1b48c2db7ad9e74ddbcd1149",
                "sha256:155c916cf2645b4a8f2bd5d09065e92d1b67b8d464bdc001e0b524af84bedf6f",
                "sha256:fa7320679ced5e25b20203d157280680fc84eb783b6cc650cb0c98e1858b7dd3",
                "sha256:4187c4b0cefc3353181db048c51f42c489d9ac51e40b86c4851dc0671372971d",
                "sha256:d5d29663e979e83b3fc361e97200f959cddb3a14797391d15273d84a5a8ae44b",
                "sha256:940caef1ec7c78e0c34b0f6b94fe42d0f2022915ffc78643d28538a5cfd0f40e"
            ],
            "version": "==4.1.1"
        },
        "markdown": {
            "hashes": [
                "sha256:9ba587db9daee7ec761cfc656272be6aabe2ed300fece21208e4aab2e457bc8f",
                "sha256:a856869c7ff079ad84a3e19cd87a64998350c2b94e9e08e44270faef33400f81"
            ],
            "version": "==2.6.11"
        },
        "newspaper3k": {
            "hashes": [
                "sha256:9f86d00c016ceed2019be97bcac79be9ed42492852e051c07a8cd3e6f89e215c"
            ],
            "version": "==0.2.6"
        },
        "nltk": {
            "hashes": [
                "sha256:2661f9971d983db314bbebd51ba770811a362c6597fd0f303bb1d3beadcb4834",
                "sha256:8a3bad9ff7f67d2828a7915c2fab93e6ca910c2015ef40799e1805fccf2354e5"
            ],
            "version": "==3.2.5"
        },
        "numpy": {
            "hashes": [
                "sha256:719d914f564f35cce4dc103808f8297c807c9f0297ac183ed81ae8b5650e698e",
                "sha256:0f6a5ed0cd7ab1da11f5c07a8ecada73fc55a70ef7bb6311a4109891341d7277",
                "sha256:d0928076d9bd8a98de44e79b1abe50c1456e7abbb40af7ef58092086f1a6c729",
                "sha256:d858423f5ed444d494b15c4cc90a206e1b8c31354c781ac7584da0d21c09c1c3",
                "sha256:20cac3123d791e4bf8482a580d98d6b5969ba348b9d5364df791ba3a666b660d",
                "sha256:528ce59ded2008f9e8543e0146acb3a98a9890da00adf8904b1e18c82099418b",
                "sha256:56e392b7c738bd70e6f46cf48c8194d3d1dd4c5a59fae4b30c58bb6ef86e5233",
                "sha256:99051e03b445117b26028623f1a487112ddf61a09a27e2d25e6bc07d37d94f25",
                "sha256:768e777cc1ffdbf97c507f65975c8686ebafe0f3dc8925d02ac117acc4669ce9",
                "sha256:675e0f23967ce71067d12b6944add505d5f0a251f819cfb44bdf8ee7072c090d",
                "sha256:a958bf9d4834c72dee4f91a0476e7837b8a2966dc6fcfc42c421405f98d0da51",
                "sha256:bb370120de6d26004358611441e07acda26840e41dfedc259d7f8cc613f96495",
                "sha256:f2b1378b63bdb581d5d7af2ec0373c8d40d651941d283a2afd7fc71184b3f570",
                "sha256:a1413d06abfa942ca0553bf3bccaff5fdb36d55b84f2248e36228db871147dab",
                "sha256:7f76d406c6b998d6410198dcb82688dcdaec7d846aa87e263ccf52efdcfeba30",
                "sha256:a7157c9ac6bddd2908c35ef099e4b643bc0e0ebb4d653deb54891d29258dd329",
                "sha256:0fd65cbbfdbf76bbf80c445d923b3accefea0fe2c2082049e0ce947c81fe1d3f",
                "sha256:8c18ee4dddd5c6a811930c0a7c7947bf16387da3b394725f6063f1366311187d",
                "sha256:0739146eaf4985962f07c62f7133aca89f3a600faac891ce6c7f3a1e2afe5272",
                "sha256:07e21f14490324cc1160db101e9b6c1233c33985af4cb1d301dd02650fea1d7f",
                "sha256:e6120d63b50e2248219f53302af7ec6fa2a42ed1f37e9cda2c76dbaca65036a7",
                "sha256:6be6b0ca705321c178c9858e5ad5611af664bbdfae1df1541f938a840a103888",
                "sha256:facc6f925c3099ac01a1f03758100772560a0b020fb9d70f210404be08006bcb"
            ],
            "version": "==1.14.2"
        },
        "pandas": {
            "hashes": [
                "sha256:68ac484e857dcbbd07ea7c6f516cc67f7f143f5313d9bc661470e7f473528882",
                "sha256:12f2a19d0b0adf31170d98d0e8bcbc59add0965a9b0c65d39e0665400491c0c5",
                "sha256:68b121d13177f5128a4c118bb4f73ba40df28292c038389961aa55ea5a996427",
                "sha256:06efae5c00b9f4c6e6d3fe1eb52e590ff0ea8e5cb58032c724e04d31c540de53",
                "sha256:02541a4fdd31315f213a5c8e18708abad719ee03eda05f603c4fe973e9b9d770",
                "sha256:2907f3fe91ca2119ac3c38de6891bbbc83333bfe0d98309768fee28de563ee7a",
                "sha256:052a66f58783a59ea38fdfee25de083b107baa81fdbe38fabd169d0f9efce2bf",
                "sha256:244ae0b9e998cfa88452a49b20e29bf582cc7c0e69093876d505aec4f8e1c7fe",
                "sha256:66403162c8b45325a995493bdd78ad4d8be085e527d721dbfa773d56fbba9c88",
                "sha256:af0dbac881f6f87acd325415adea0ce8cccf28f5d4ad7a54b6a1e176e2f7bf70",
                "sha256:c2cd884794924687edbaad40d18ac984054d247bb877890932c4d41e3c3aba31",
                "sha256:c372db80a5bcb143c9cb254d50f902772c3b093a4f965275197ec2d2184b1e61",
                "sha256:97c8223d42d43d86ca359a57b4702ca0529c6553e83d736e93a5699951f0f8db",
                "sha256:587a9816cc663c958fcff7907c553b73fe196604f990bc98e1b71ebf07e45b44",
                "sha256:44a94091dd71f05922eec661638ec1a35f26d573c119aa2fad964f10a2880e6c"
            ],
            "version": "==0.22.0"
        },
        "pillow": {
            "hashes": [
                "sha256:718ec7a122b28d64afc5fbc3a9b99bb0545ef511373cac06fe7624520e82cb20",
                "sha256:801cca8923508311bf5d6d0f7da5362552e8208ebd8ec0d7b9f2cd2ff5705734",
                "sha256:43334f9581cd067945b8898cef9eb5714ee4883f8de0304c011f1dbdb1d4e2aa",
                "sha256:153ec6f18f7b61641e0e6e502acfaf4a06c9aba2ea11c0b4b3578ea9f13a4a4a",
                "sha256:25193f934d37d836a6b1f4c062ce574a96cbca7c6d9dc8ddfbbac7f9c54deaa4",
                "sha256:b85f703c2ffe539313e39ce0676bed0f355cec45a16e58c9ab7417445843047c",
                "sha256:8580fc58074a16b749905b26cf8363f7b628dd167ba0130f5382cdc91c86b509",
                "sha256:2fcde9954c8882d1c7f93bb828caa34a4c5e3ee69dbc7895dc8652ad972b455a",
                "sha256:1a5b93084e01328a1cb1ecdad99d11d75e881e89a95f88d85b523646553b36c2",
                "sha256:b2240f298482f823576f397bb9f32ea913ad9456c526e141bc6f0a022b37a3e8",
                "sha256:b1d33c63a55d0d85df0ad02b2c16158fb4d8153afa7b908f1a67330fac694cd6",
                "sha256:6977cf073d83358b34f93abf5c1f1193b88675fe0e4441e0e28318bc3dcba7a0",
                "sha256:1912b7230459fd53682dae32b83cbd8e5d642ba36d4be18566f00a9c063aa13d",
                "sha256:4bd4a71501b6d51db4abc07e1f43f5a6fed0a1a9583cca0b401d6af50284b0db",
                "sha256:0013f590a8f260df60bcfd65db19d18efc04e7f046c3c82a40e2e2b3292a937c",
                "sha256:a224651a81e45ef4f1d0164e256c5f6b4abb49f2ae8f22ba2f3a9d0ff338e608",
                "sha256:c793dfaa130847ccff958492b76ae8b9304e60b8a79a92962cb19e368276a22b",
                "sha256:0b899ee80920bb533f26581af9b4660bc12aff4562555afe74e429101ebf3c94",
                "sha256:9525cd680a6f9e80c6c0af03cf973e6505c59f60b4745f682cd1a449e54b31bb",
                "sha256:35f7d998b8e82fb3fb51ff88b30485eb81cd7dd56ec7e1a8deba23eb88532d44",
                "sha256:5b0d657460d9f3615876fec6306e97ca15a471f6169b622d76a47e270998acf1",
                "sha256:ddd16ab250b4fc97db1c47407e78c25216a75c29d29d10ad37e51b7a2ec7b2c3",
                "sha256:b9f63451084a718eccdeb1e382768c94647915653af4d6019f64560d9e98642b",
                "sha256:a370d1c570f1d72e877099651e752332444b1c5009381f043c9da5fd47f3ebae",
                "sha256:dc4b018d5c9b636f7546583c5591b9ea00c328c3e5871992ef5b95bac353f097",
                "sha256:e126ff4fed71e78333840c07279e1617f63cfca76d63ad5b27d65a7277206a3d",
                "sha256:fcf64c91fd44485100a2965d23bb0e227d093e91f7e776c5ca3b32574766eb56",
                "sha256:2c042352b430d678db50c78c5214e19638eff8b688941271da2de21fd298dfe5",
                "sha256:17fe25efc785194d48c38fad85dce470013ba19d2fb66639e149f14bccf1327f",
                "sha256:2e818dbe445e86fc6c266973fe540c35125c42eb2cf13a6095e9adaa89c0deb5",
                "sha256:135e9aa65150c53f7db85bf2bebb8a0e1a48ea850e80cf66e16dd04fa09d309c",
                "sha256:7dfbefdb3fb911ca9faed307bf309861e9995e36cca6b761c7ba6d9b77a9744a",
                "sha256:12f29d6c23424f704c66b5b68c02fe0b571504459605cfe36ab8158359b0e1bb",
                "sha256:f8d49be8c282df8d2e1ab6ab53ab8abd859b1fa6fed384457ee85c9eff64ef97",
                "sha256:82b172e3264e62372c01b5b009b5b1a02fbb9276cbe5cc57ab00a6d6e5ed9a18",
                "sha256:57aa6198ba8acba1313c3b743e267d821a60cac77e6026caf0b55ca58d3d23be",
                "sha256:d60c1625b108432ace8b1fa1a584017e5efa73f107d0f493c7f39c79bebf1d41",
                "sha256:82d1ff571489765df2816785d532e243bde213752156c227fca595723ec5ff42",
                "sha256:37cc0339abfa9e295c75d9a7f227d35cb44716feb95057f9449c4a9e9a17daf7",
                "sha256:931030d1d6282b7900e6b0a7ff9ecdb503b5e1e6781800dab2b71a9f39405bff",
                "sha256:5cd36804f9f06a914a883fe682df5711d16d7b4f44d43189c5f013e7cd91e149"
            ],
            "version": "==5.0.0"
        },
        "protobuf": {
            "hashes": [
                "sha256:8ba58356fc40ed7749c73eeae3d86f6a9e756ba1ae5f5833990b237b7d61ba09",
                "sha256:e774cd03628c0b2f850a09a8c005fe6113f97e37f6df07a7b20221dc1ee4efd3",
                "sha256:84ed523853c82c76dd1dfd15f31de2d66fa7cb22a48aa42dbc32465868d7e4af",
                "sha256:6e1c0972462ce9dc4d2860d533487b39f89de00b3f30b99c31a6b3e8fbf8b787",
                "sha256:87908d494be2b46a55de5e55ca11d9a2508b59b035c1b0549c3b692a77f57a7b",
                "sha256:88c7958dad426920a43af58c5805d2de860a33f82d47f5a102af25f2788682c7",
                "sha256:14813a3421ff0144e8d4e81ed83a3fbe350d8d85cbe480bf2e81cf45e8083e0d",
                "sha256:24c1cc840b4832a909bbeac664fd8f878cf72b8ab97bfe4fb82a156c3f1f0e15",
                "sha256:ec51286554eceebcf169a3a8604861e113d28fc98094dcbedc6067f058478917",
                "sha256:41e916354265d2f54b95e454305c98f90bb30fafb817119540753e67f193de57",
                "sha256:64a3600d2a531d7c516c371efa431035ce501ab8425dcc8bdb99eddf5a4d34c9",
                "sha256:40c943a8ffb3501164da1d2b537ad2e33d08daf81fbb3e9073bf291726a24467",
                "sha256:59ff8a204aa2ef98d6c25c2adffb13dda81bb4ac6ffb0829c92e801241b6477b",
                "sha256:e457146bb9f997736460b10b2f2a9284603db4bbd60c8c431b5b4b309efbe036",
                "sha256:18a4a387e8378dbbd53ebe9cc925ea2fe2a7b98c497833ea345803cb53b885d9",
                "sha256:94d159e2bbbe4df1b5f0715965e284f2156ce127a7d521a3dcbdd38e945bc4c0",
                "sha256:75e1a7b12248a98b620ffbda3e41767aa2ae57c7cc553a12407a48c44f58f2e7",
                "sha256:c4d531e745168c16fc7abff12922c491d34f4063c1b49fe5417b72be869f5df6",
                "sha256:59610aeb5ade675106dca26c771814a1aa63bf2b3780584853e3dd447ed5c52f",
                "sha256:09879a295fd7234e523b62066223b128c5a8a88f682e3aff62fb115e4a0d8be0"
            ],
            "version": "==3.5.2"
        },
        "python-dateutil": {
            "hashes": [
                "sha256:07009062406cffd554a9b4135cd2ff167c9bf6b7aac61fe946c93e69fad1bbd8",
                "sha256:8f95bb7e6edbb2456a51a1fb58c8dca942024b4f5844cae62c90aa88afe6e300"
            ],
            "version": "==2.7.0"
        },
        "pytz": {
            "hashes": [
                "sha256:ed6509d9af298b7995d69a440e2822288f2eca1681b8cce37673dbb10091e5fe",
                "sha256:f93ddcdd6342f94cea379c73cddb5724e0d6d0a1c91c9bdef364dc0368ba4fda",
                "sha256:61242a9abc626379574a166dc0e96a66cd7c3b27fc10868003fa210be4bff1c9",
                "sha256:ba18e6a243b3625513d85239b3e49055a2f0318466e0b8a92b8fb8ca7ccdf55f",
                "sha256:07edfc3d4d2705a20a6e99d97f0c4b61c800b8232dc1c04d87e8554f130148dd",
                "sha256:3a47ff71597f821cd84a162e71593004286e5be07a340fd462f0d33a760782b5",
                "sha256:5bd55c744e6feaa4d599a6cbd8228b4f8f9ba96de2c38d56f08e534b3c9edf0d",
                "sha256:887ab5e5b32e4d0c86efddd3d055c1f363cbaa583beb8da5e22d2fa2f64d51ef",
                "sha256:410bcd1d6409026fbaa65d9ed33bf6dd8b1e94a499e32168acfc7b332e4095c0"
            ],
            "version": "==2018.3"
        },
        "pyyaml": {
            "hashes": [
                "sha256:3262c96a1ca437e7e4763e2843746588a965426550f3797a79fca9c6199c431f",
                "sha256:16b20e970597e051997d90dc2cddc713a2876c47e3d92d59ee198700c5427736",
                "sha256:e863072cdf4c72eebf179342c94e6989c67185842d9997960b3e69290b2fa269",
                "sha256:bc6bced57f826ca7cb5125a10b23fd0f2fff3b7c4701d64c439a300ce665fff8",
                "sha256:c01b880ec30b5a6e6aa67b09a2fe3fb30473008c85cd6a67359a1b15ed6d83a4",
                "sha256:827dc04b8fa7d07c44de11fabbc888e627fa8293b695e0f99cb544fdfa1bf0d1",
                "sha256:592766c6303207a20efc445587778322d7f73b161bd994f227adaa341ba212ab",
                "sha256:5f84523c076ad14ff5e6c037fe1c89a7f73a3e04cf0377cb4d017014976433f3",
                "sha256:0c507b7f74b3d2dd4d1322ec8a94794927305ab4cebbe89cc47fe5e81541e6e8",
                "sha256:b4c423ab23291d3945ac61346feeb9a0dc4184999ede5e7c43e1ffb975130ae6",
                "sha256:ca233c64c6e40eaa6c66ef97058cdc80e8d0157a443655baa1b2966e812807ca",
                "sha256:4474f8ea030b5127225b8894d626bb66c01cda098d47a2b0d3429b6700af9fd8",
                "sha256:326420cbb492172dec84b0f65c80942de6cedb5233c413dd824483989c000608",
                "sha256:5ac82e411044fb129bae5cfbeb3ba626acb2af31a8d17d175004b70862a741a7"
            ],
            "version": "==3.12"
        },
        "requests": {
            "hashes": [
                "sha256:6a1b267aa90cac58ac3a765d067950e7dbbf75b1da07e895d1f594193a40a38b",
                "sha256:9c443e7324ba5b85070c4a818ade28bfabedf16ea10206da1132edaa6dda237e"
            ],
            "version": "==2.18.4"
        },
        "requests-file": {
            "hashes": [
                "sha256:75c175eed739270aec3c5279ffd74e6527dada275c5c0d76b5817e9c86bb7dea",
                "sha256:8f04aa6201bacda0567e7ac7f677f1499b0fc76b22140c54bc06edf1ba92e2fa"
            ],
            "version": "==1.4.3"
        },
        "s3transfer": {
            "hashes": [
                "sha256:c7a9ec356982d5e9ab2d4b46391a7d6a950e2b04c472419f5fdec70cc0ada72f",
                "sha256:90dc18e028989c609146e241ea153250be451e05ecc0c2832565231dacdf59c1"
            ],
            "version": "==0.1.13"
        },
        "scikit-learn": {
            "hashes": [
                "sha256:3775cca4ce3f94508bb7c8a6b113044b78c16b0a30a5c169ddeb6b9fe57a8a72",
                "sha256:873245b03361710f47c5410a050dc56ee8ae97b9f8dcc6e3a81521ca2b64ad10",
                "sha256:370919e3148253fd6552496c33a1e3d78290a336fc8d1b9349d9e9770fae6ec0",
                "sha256:ce78bf4d10bd7e28807c36c6d2ab25a9934aaf80906ad987622a5e45627d91a2",
                "sha256:ba3fd442ae1a46830789b3578867daaf2c8409dcca6bf192e30e85beeabbfc2f",
                "sha256:a21cf8217e31a9e8e32c559246e05e6909981816152406945ae2e3e244dfcc1f",
                "sha256:e54a3dd1fe1f8124de90b93c48d120e6da2ea8df29b6895325df01ddc1bd8e26",
                "sha256:f9abae483f4d52acd6f660addb1b67e35dc5748655250af479de2ea6aefc6df0",
                "sha256:5c9ff456d67ef9094e5ea272fff2be05d399a47fc30c6c8ed653b94bdf787bd1",
                "sha256:871669cdb5b3481650fe3adff46eb97c455e30ecdc307eaf382ef90d4e2570ab",
                "sha256:d4da369614e55540c7e830ccdd17ab4fe5412ff8e803a4906d3ece393e2e3a63",
                "sha256:42f3c5bd893ed73bf47ccccf04dfb98fae743f397d688bb58c2238c0e6ec15d2",
                "sha256:95b155ef6bf829ddfba6026f100ba8e4218b7171ecab97b2163bc9e8d206848f",
                "sha256:72c194c5092e921d6107a8de8a5adae58c35bbc54e030ba624b6f02fd823bb21",
                "sha256:f528c4b2bba652cf116f5cccf36f4db95a7f9cbfcd1ee549c4e8d0f8628783b5",
                "sha256:d384e6f9a055b7a43492f9d27779adb717eb5dcf78b0603b01d0f070a608d241",
                "sha256:ee8c3b1898c728b6e5b5659c233f547700a1fea13ce876b6fe7d3434c70cc0e0",
                "sha256:56cfa19c31edf62e6414da0a337efee37a4af488b135640e67238786b9be6ab3",
                "sha256:5db9e68a384ce80a17fc449d4d5d9b45025fe17cf468429599bf404eccb51049",
                "sha256:8b17fc29554c5c98d88142f895516a5bec2b6b61daa815e1193a64c868ad53d2",
                "sha256:13136c6e4f6b808569f7f59299d439b2cd718f85d72ea14b5b6077d44ebc7d17",
                "sha256:ddc1eb10138ae93c136cc4b5945d3977f302b5d693592a4731b2805a7d7f2a74",
                "sha256:5ca0ad32ee04abe0d4ba02c8d89d501b4e5e0304bdf4d45c2e9875a735b323a0",
                "sha256:6e0899953611d0c47c0d49c5950082ab016b38811fced91cd2dcc889dd94f50a",
                "sha256:b2a10e2f9b73de10d8486f7a23549093436062b69139158802910a0f154aa53b",
                "sha256:a58746d4f389ea7df1d908dba8b52f709835f91c342f459a3ade5424330c69d1",
                "sha256:fdc39e89bd3466befb76dfc0c258d4ccad159df974954a87de3be5759172a067"
            ],
            "version": "==0.19.1"
        },
        "scipy": {
            "hashes": [
                "sha256:70e6fc3f2f52c9152f05e27eb9bd8543cb862cacb71f8521a571e4ffb837f450",
                "sha256:08041e5336fcd57defcc78650b44b3df652eff3e3a801638d894e50494fb630d",
                "sha256:ff8b6637d8d2c074ed67f3d57513e62f94747c6f1210f43e60ad3d8e93a424e4",
                "sha256:5964dba6a3c0be226d44d2520de8fb4ba1501768bad57eec687d36d3f53b6254",
                "sha256:bf36f3485e7b7291c36330a93bbfd4f5e8db23bbe4ea46c37b2839fef463f4e2",
                "sha256:e3a5673c105eab802fdecb77f102d877352e201df9328698a265b7f57546b34b",
                "sha256:cd23894e1cc6eaa00e6807b6b12e4ca66d5ff092986c9c3eb01e97f24e2d6462",
                "sha256:23a7238279ae94e088396b8b05a9795ef598dc79c5cd1adb91ad1ff87c7514fd",
                "sha256:3b66d5e40152175bca75cbbfd1eb5c108c50de9ae5625923f1c4f8f51cbe2dea",
                "sha256:fa17be6c66985931d3a391f61a6ba97c902585cf26020aa3eb24604115732d22",
                "sha256:d84df0bc86bbdd49f0a6b6bad5cd62ccb02a3bfe546bf79263de44ae081bcd7b",
                "sha256:912499ddb521b7ac6287ac4ccf5f296a83d38996c2d04f43c9e62a91f7b420aa",
                "sha256:889602ead28054a15e8c26e1a6b8420d5a4fa777cfeb3ec98cfa52b9f317d153",
                "sha256:5774adb6047983489bc81edaa72cd132e665e5680f0b2cf8ea28cd3b99e65d39",
                "sha256:01c7040a83eb4e020ab729488637dcadef54cb728b035b76668ab92a72515d60",
                "sha256:046705c604c6f1d63cad3e89677c0618b7abb40ed09a4c241c671a2d8e5128a9",
                "sha256:1f58fbd59e8d9652759df0d137832ff2a325ed708c173cba20c86589d811c210",
                "sha256:424500b2fe573d30de6dea927076c01acaadb3efb3d1f40340e8cc37151ccf27",
                "sha256:97123a25216616723083942eb595f47fee18da6b637a88b803de5f078009003c",
                "sha256:a79b99b8b5af9a63312bd053bbb7bdb7710e6bbb9cc81617f9f6b9b1e49c72f8",
                "sha256:9bd193686fd837472bdb6425486cb234ed0a4db76b930c141cc8d095ab213c8d",
                "sha256:a9e479648aab5f36330da94f351ebbfe79acb4e6f5e6ac6aeddc9291eb096839",
                "sha256:87ea1f11a0e9ec08c264dc64551d501fa307289460705f6fccd84cbfc7926d10"
            ],
            "version": "==1.0.0"
        },
        "six": {
            "hashes": [
                "sha256:832dc0e10feb1aa2c68dcc57dbb658f1c7e65b9b61af69048abc87a2db00a0eb",
                "sha256:70e8a77beed4562e7f14fe23a786b54f6296e34344c23bc42f07b15018ff98e9"
            ],
            "version": "==1.11.0"
        },
        "smart-open": {
            "hashes": [
                "sha256:8fd2de1c359bd0074bd6d334a5b9820ae1c5b6ba563970b95052bace4b71baeb"
            ],
            "version": "==1.5.6"
        },
        "tensorboard": {
            "hashes": [
                "sha256:835ecbfee0ce505f8365435c23d1c7d6fd527fcad8a4829e4145b9f6f41d0ca2",
                "sha256:ab3e4568a277d4d06fc2928e6e5aa2a32ece073ad234a6b7ade08671dbf8f339"
            ],
            "version": "==1.6.0"
        },
        "tensorflow": {
            "hashes": [
                "sha256:d9c628c857ccd9213d75e0747fcad6ef4d6866a79d1a3987d87a5957c3f0f819",
                "sha256:6d6f8ac26f857ab79c13b594efcb13d5485d1dbfdaa8e54b064ea7b4b28a9cf8",
                "sha256:8c504b9c70649d8602592b148944b34207fde8d1f5d61aaf435dab99118a58bc",
                "sha256:638e690a4efc675dbfd0bb98f0c5db1b6b54e9791513fced4a4df80a3db946cb",
                "sha256:b6b4c52c61f9cea58a93e4c178e8acec157ab2ed8824350ec536f107fa67a491",
                "sha256:1ba17a5df0c2d3e0000f88479b3ce7a35e05ced3056e4594781e81afb45ac8fd",
                "sha256:eaa4af9eb161af500a5e3c65dcc434d63478801539f51cdd8c01572eda9dfa2d",
                "sha256:afb1f05ab3f8ff569b91be5ecb066b926dff1afd029f4f296964317f461268a6",
                "sha256:2f89cf8a05198e7e2415d040b679b4f50ef86c0c3834f4bf86d0b836ecc14a27",
                "sha256:17981691a5711dd8b0479b293229f3a22d2f0503d04c2691a2ef66ee50903257",
                "sha256:d0e5daf51cf9a711a0dc95b5bf4a9eeeb1cb485197cb923b8940f2a905850407",
                "sha256:0b41fb0d1d0be2d495dad67138b5a118f7b206a07b2c96474414109dbfe056a8"
            ],
            "version": "==1.6.0"
        },
        "termcolor": {
            "hashes": [
                "sha256:1d6d69ce66211143803fbc56652b41d73b4a400a2891d7bf7a1cdf4c02de613b"
            ],
            "version": "==1.1.0"
        },
        "tldextract": {
            "hashes": [
                "sha256:84a0b275c262e34df7506e10767e357e8b5a755a3a620cdc2cfe035061f7806d",
                "sha256:29797125db1f2e72ce2ee51f7a764ec8b1e6588812520795ffeae93bcd46bab4"
            ],
            "version": "==2.2.0"
        },
        "tqdm": {
            "hashes": [
                "sha256:9bd200335ee4429381e81bd82c08d16b59a5228a11e1ae71222b31646b3533f3",
                "sha256:f1c098cd12cfb39190805d0c771198af0a734ba63b381ea99d72ea38770525c7"
            ],
            "version": "==4.19.7"
        },
        "urllib3": {
            "hashes": [
                "sha256:06330f386d6e4b195fbfc736b297f58c5a892e4440e54d294d7004e3a9bbea1b",
                "sha256:cc44da8e1145637334317feebd728bd869a35285b93cbb4cca2577da7e62db4f"
            ],
            "version": "==1.22"
        },
        "werkzeug": {
            "hashes": [
                "sha256:d5da73735293558eb1651ee2fddc4d0dedcfa06538b8813a2e20011583c9e49b",
                "sha256:c3fd7a7d41976d9f44db327260e263132466836cef6f91512889ed60ad26557c"
            ],
            "version": "==0.14.1"
        },
        "wheel": {
            "hashes": [
                "sha256:e721e53864f084f956f40f96124a74da0631ac13fbbd1ba99e8e2b5e9cafdf64",
                "sha256:9515fe0a94e823fd90b08d22de45d7bde57c90edce705b22f5e1ecf7e1b653c8"
            ],
            "version": "==0.30.0"
        }
    },
    "develop": {}
}
